
Microsoft Visual Studio Solution File, Format Version 12.00
# Visual Studio Version 17
VisualStudioVersion = 17.9.34622.214
MinimumVisualStudioVersion = 10.0.40219.1
Project("{888888A0-9F3D-457C-B088-3A5042F75D52}") = "VirtualAssistance", "VirtualAssistance.pyproj", "{A6073464-6C63-42C1-9229-F1A06FC65E75}"
EndProject
Global
	GlobalSection(SolutionConfigurationPlatforms) = preSolution
		Debug|Any CPU = Debug|Any CPU
		Release|Any CPU = Release|Any CPU
	EndGlobalSection
	GlobalSection(ProjectConfigurationPlatforms) = postSolution
		{A6073464-6C63-42C1-9229-F1A06FC65E75}.Debug|Any CPU.ActiveCfg = Debug|Any CPU
		{A6073464-6C63-42C1-9229-F1A06FC65E75}.Release|Any CPU.ActiveCfg = Release|Any CPU
	EndGlobalSection
	GlobalSection(SolutionProperties) = preSolution
		HideSolutionNode = FALSE
	EndGlobalSection
	GlobalSection(ExtensibilityGlobals) = postSolution
		SolutionGuid = {CD8C1389-C67E-4435-9338-13FEFA8246AD}
	EndGlobalSection
EndGlobal
